
Microsoft Visual Studio Solution File, Format Version 12.00
# Visual Studio 15
VisualStudioVersion = 15.0.28307.136
MinimumVisualStudioVersion = 10.0.40219.1
Project("{9A19103F-16F7-4668-BE54-9A1E7A4F7556}") = "BookManager", "BookManager\BookManager.csproj", "{C8189ECA-7702-42E1-8F7A-6A85020B03D8}"
EndProject
Project("{FAE04EC0-301F-11D3-BF4B-00C04F79EFBC}") = "BookLibrary", "ClassLibrary1\BookLibrary.csproj", "{36A417FA-AD34-47D1-BD52-29E05FBDCEE7}"
EndProject
Project("{FAE04EC0-301F-11D3-BF4B-00C04F79EFBC}") = "BookManagerWindowsApp", "BookManagerWindowsApp\BookManagerWindowsApp.csproj", "{7B34C7FB-97CA-46D3-A1CD-AA196E77A511}"
EndProject
Global
	GlobalSection(SolutionConfigurationPlatforms) = preSolution
		Debug|Any CPU = Debug|Any CPU
		Release|Any CPU = Release|Any CPU
	EndGlobalSection
	GlobalSection(ProjectConfigurationPlatforms) = postSolution
		{C8189ECA-7702-42E1-8F7A-6A85020B03D8}.Debug|Any CPU.ActiveCfg = Debug|Any CPU
		{C8189ECA-7702-42E1-8F7A-6A85020B03D8}.Debug|Any CPU.Build.0 = Debug|Any CPU
		{C8189ECA-7702-42E1-8F7A-6A85020B03D8}.Release|Any CPU.ActiveCfg = Release|Any CPU
		{C8189ECA-7702-42E1-8F7A-6A85020B03D8}.Release|Any CPU.Build.0 = Release|Any CPU
		{36A417FA-AD34-47D1-BD52-29E05FBDCEE7}.Debug|Any CPU.ActiveCfg = Debug|Any CPU
		{36A417FA-AD34-47D1-BD52-29E05FBDCEE7}.Debug|Any CPU.Build.0 = Debug|Any CPU
		{36A417FA-AD34-47D1-BD52-29E05FBDCEE7}.Release|Any CPU.ActiveCfg = Release|Any CPU
		{36A417FA-AD34-47D1-BD52-29E05FBDCEE7}.Release|Any CPU.Build.0 = Release|Any CPU
		{7B34C7FB-97CA-46D3-A1CD-AA196E77A511}.Debug|Any CPU.ActiveCfg = Debug|Any CPU
		{7B34C7FB-97CA-46D3-A1CD-AA196E77A511}.Debug|Any CPU.Build.0 = Debug|Any CPU
		{7B34C7FB-97CA-46D3-A1CD-AA196E77A511}.Release|Any CPU.ActiveCfg = Release|Any CPU
		{7B34C7FB-97CA-46D3-A1CD-AA196E77A511}.Release|Any CPU.Build.0 = Release|Any CPU
	EndGlobalSection
	GlobalSection(SolutionProperties) = preSolution
		HideSolutionNode = FALSE
	EndGlobalSection
	GlobalSection(ExtensibilityGlobals) = postSolution
		SolutionGuid = {FD438929-F981-4DB7-BC21-6FF8D72E4689}
	EndGlobalSection
EndGlobal
